// !$*UTF8*$!
{
	archiveVersion = 1;
	classes = {
	};
	objectVersion = 50;
	objects = {

/* Begin PBXBuildFile section */
		05F439B62C89D1472BBA561F /* Pods_ArtsyFartsyUITests.framework in Frameworks */ = {isa = PBXBuildFile; fileRef = 22D39CA6056AD1DBAE54F84D /* Pods_ArtsyFartsyUITests.framework */; };
		080F9D69226035ED007E99C0 /* SignUpViewController.swift in Sources */ = {isa = PBXBuildFile; fileRef = 080F9D68226035ED007E99C0 /* SignUpViewController.swift */; };
		088685702256F4C200C1292B /* ArtworkPostCell.swift in Sources */ = {isa = PBXBuildFile; fileRef = 0886856F2256F4C200C1292B /* ArtworkPostCell.swift */; };
		2A17B68E22718CAF0093DDE5 /* AccountFeedViewController.swift in Sources */ = {isa = PBXBuildFile; fileRef = 2A17B68D22718CAE0093DDE5 /* AccountFeedViewController.swift */; };
		2A17B6902271902F0093DDE5 /* AccountArtworkPostCell.swift in Sources */ = {isa = PBXBuildFile; fileRef = 2A17B68F2271902F0093DDE5 /* AccountArtworkPostCell.swift */; };
		2A1EAA5C225F04970075BF12 /* UploadArtworkViewController.swift in Sources */ = {isa = PBXBuildFile; fileRef = 2A1EAA5B225F04970075BF12 /* UploadArtworkViewController.swift */; };
		2A2093DE2279A7540094F0A7 /* OpenFollowedViewController.swift in Sources */ = {isa = PBXBuildFile; fileRef = 2A2093DD2279A7540094F0A7 /* OpenFollowedViewController.swift */; };
		2A511334225DD69900D106E9 /* ArtworkFeedViewController.swift in Sources */ = {isa = PBXBuildFile; fileRef = 2A511333225DD69900D106E9 /* ArtworkFeedViewController.swift */; };
		2AAA8A252279169100355DD0 /* FollowingPageViewController.swift in Sources */ = {isa = PBXBuildFile; fileRef = 2AAA8A242279169100355DD0 /* FollowingPageViewController.swift */; };
		2AAA8A272279182600355DD0 /* FollowingPageCell.swift in Sources */ = {isa = PBXBuildFile; fileRef = 2AAA8A262279182600355DD0 /* FollowingPageCell.swift */; };
		2AC08BBA226EBDF400DE04C1 /* OpenArtworkViewController.swift in Sources */ = {isa = PBXBuildFile; fileRef = 2AC08BB9226EBDF400DE04C1 /* OpenArtworkViewController.swift */; };
		2AE2EC7C22811D3600FE36F0 /* DrawingPromptViewController.swift in Sources */ = {isa = PBXBuildFile; fileRef = 2AE2EC7B22811D3600FE36F0 /* DrawingPromptViewController.swift */; };
		2AFEA387225CAB94000D1E31 /* LoginPageViewController.swift in Sources */ = {isa = PBXBuildFile; fileRef = 2AFEA386225CAB94000D1E31 /* LoginPageViewController.swift */; };
		4A28161862E45D011CBAFF56 /* Pods_ArtsyFartsy.framework in Frameworks */ = {isa = PBXBuildFile; fileRef = 5F41FFC8302E01E8F31EDDD9 /* Pods_ArtsyFartsy.framework */; };
		6421080E69BDADDCC92E33AD /* Pods_ArtsyFartsyTests.framework in Frameworks */ = {isa = PBXBuildFile; fileRef = C6A62B201392471CA178FCC4 /* Pods_ArtsyFartsyTests.framework */; };
		AC0095F622445B0800D20705 /* AppDelegate.swift in Sources */ = {isa = PBXBuildFile; fileRef = AC0095F522445B0800D20705 /* AppDelegate.swift */; };
		AC0095FB22445B0800D20705 /* Main.storyboard in Resources */ = {isa = PBXBuildFile; fileRef = AC0095F922445B0800D20705 /* Main.storyboard */; };
		AC00960022445B0800D20705 /* LaunchScreen.storyboard in Resources */ = {isa = PBXBuildFile; fileRef = AC0095FE22445B0800D20705 /* LaunchScreen.storyboard */; };
		AC00960B22445B0900D20705 /* ArtsyFartsyTests.swift in Sources */ = {isa = PBXBuildFile; fileRef = AC00960A22445B0900D20705 /* ArtsyFartsyTests.swift */; };
		AC00961622445B0900D20705 /* ArtsyFartsyUITests.swift in Sources */ = {isa = PBXBuildFile; fileRef = AC00961522445B0900D20705 /* ArtsyFartsyUITests.swift */; };
		ACA14CF72260160900AF943A /* Assets.xcassets in Resources */ = {isa = PBXBuildFile; fileRef = ACA14CF62260160800AF943A /* Assets.xcassets */; };
/* End PBXBuildFile section */

/* Begin PBXContainerItemProxy section */
		AC00960722445B0900D20705 /* PBXContainerItemProxy */ = {
			isa = PBXContainerItemProxy;
			containerPortal = AC0095EA22445B0700D20705 /* Project object */;
			proxyType = 1;
			remoteGlobalIDString = AC0095F122445B0800D20705;
			remoteInfo = ArtsyFartsy;
		};
		AC00961222445B0900D20705 /* PBXContainerItemProxy */ = {
			isa = PBXContainerItemProxy;
			containerPortal = AC0095EA22445B0700D20705 /* Project object */;
			proxyType = 1;
			remoteGlobalIDString = AC0095F122445B0800D20705;
			remoteInfo = ArtsyFartsy;
		};
/* End PBXContainerItemProxy section */

/* Begin PBXFileReference section */
		080F9D68226035ED007E99C0 /* SignUpViewController.swift */ = {isa = PBXFileReference; lastKnownFileType = sourcecode.swift; path = SignUpViewController.swift; sourceTree = "<group>"; };
		0886856F2256F4C200C1292B /* ArtworkPostCell.swift */ = {isa = PBXFileReference; lastKnownFileType = sourcecode.swift; path = ArtworkPostCell.swift; sourceTree = "<group>"; };
		0E22128FD7245A308403CB0B /* Pods-ArtsyFartsyTests.release.xcconfig */ = {isa = PBXFileReference; includeInIndex = 1; lastKnownFileType = text.xcconfig; name = "Pods-ArtsyFartsyTests.release.xcconfig"; path = "Pods/Target Support Files/Pods-ArtsyFartsyTests/Pods-ArtsyFartsyTests.release.xcconfig"; sourceTree = "<group>"; };
		1FCB180D9234872CA0D91033 /* Pods-ArtsyFartsyUITests.release.xcconfig */ = {isa = PBXFileReference; includeInIndex = 1; lastKnownFileType = text.xcconfig; name = "Pods-ArtsyFartsyUITests.release.xcconfig"; path = "Pods/Target Support Files/Pods-ArtsyFartsyUITests/Pods-ArtsyFartsyUITests.release.xcconfig"; sourceTree = "<group>"; };
		22D39CA6056AD1DBAE54F84D /* Pods_ArtsyFartsyUITests.framework */ = {isa = PBXFileReference; explicitFileType = wrapper.framework; includeInIndex = 0; path = Pods_ArtsyFartsyUITests.framework; sourceTree = BUILT_PRODUCTS_DIR; };
		2A17B68D22718CAE0093DDE5 /* AccountFeedViewController.swift */ = {isa = PBXFileReference; lastKnownFileType = sourcecode.swift; path = AccountFeedViewController.swift; sourceTree = "<group>"; };
		2A17B68F2271902F0093DDE5 /* AccountArtworkPostCell.swift */ = {isa = PBXFileReference; lastKnownFileType = sourcecode.swift; path = AccountArtworkPostCell.swift; sourceTree = "<group>"; };
		2A1EAA5B225F04970075BF12 /* UploadArtworkViewController.swift */ = {isa = PBXFileReference; lastKnownFileType = sourcecode.swift; path = UploadArtworkViewController.swift; sourceTree = "<group>"; };
		2A2093DD2279A7540094F0A7 /* OpenFollowedViewController.swift */ = {isa = PBXFileReference; lastKnownFileType = sourcecode.swift; path = OpenFollowedViewController.swift; sourceTree = "<group>"; };
		2A511333225DD69900D106E9 /* ArtworkFeedViewController.swift */ = {isa = PBXFileReference; lastKnownFileType = sourcecode.swift; path = ArtworkFeedViewController.swift; sourceTree = "<group>"; };
		2AAA8A242279169100355DD0 /* FollowingPageViewController.swift */ = {isa = PBXFileReference; lastKnownFileType = sourcecode.swift; path = FollowingPageViewController.swift; sourceTree = "<group>"; };
		2AAA8A262279182600355DD0 /* FollowingPageCell.swift */ = {isa = PBXFileReference; lastKnownFileType = sourcecode.swift; path = FollowingPageCell.swift; sourceTree = "<group>"; };
		2AC08BB9226EBDF400DE04C1 /* OpenArtworkViewController.swift */ = {isa = PBXFileReference; lastKnownFileType = sourcecode.swift; path = OpenArtworkViewController.swift; sourceTree = "<group>"; };
		2AE2EC7B22811D3600FE36F0 /* DrawingPromptViewController.swift */ = {isa = PBXFileReference; lastKnownFileType = sourcecode.swift; path = DrawingPromptViewController.swift; sourceTree = "<group>"; };
		2AFEA386225CAB94000D1E31 /* LoginPageViewController.swift */ = {isa = PBXFileReference; lastKnownFileType = sourcecode.swift; path = LoginPageViewController.swift; sourceTree = "<group>"; };
		2F7C670512AAE5D20511DE33 /* Pods-ArtsyFartsy.release.xcconfig */ = {isa = PBXFileReference; includeInIndex = 1; lastKnownFileType = text.xcconfig; name = "Pods-ArtsyFartsy.release.xcconfig"; path = "Pods/Target Support Files/Pods-ArtsyFartsy/Pods-ArtsyFartsy.release.xcconfig"; sourceTree = "<group>"; };
		5D183A3F3080837C62B4E1CA /* Pods-ArtsyFartsyUITests.debug.xcconfig */ = {isa = PBXFileReference; includeInIndex = 1; lastKnownFileType = text.xcconfig; name = "Pods-ArtsyFartsyUITests.debug.xcconfig"; path = "Pods/Target Support Files/Pods-ArtsyFartsyUITests/Pods-ArtsyFartsyUITests.debug.xcconfig"; sourceTree = "<group>"; };
		5F41FFC8302E01E8F31EDDD9 /* Pods_ArtsyFartsy.framework */ = {isa = PBXFileReference; explicitFileType = wrapper.framework; includeInIndex = 0; path = Pods_ArtsyFartsy.framework; sourceTree = BUILT_PRODUCTS_DIR; };
		A9978912165A6916EB915338 /* Pods-ArtsyFartsy.debug.xcconfig */ = {isa = PBXFileReference; includeInIndex = 1; lastKnownFileType = text.xcconfig; name = "Pods-ArtsyFartsy.debug.xcconfig"; path = "Pods/Target Support Files/Pods-ArtsyFartsy/Pods-ArtsyFartsy.debug.xcconfig"; sourceTree = "<group>"; };
		AC0095F222445B0800D20705 /* ArtsyFartsy.app */ = {isa = PBXFileReference; explicitFileType = wrapper.application; includeInIndex = 0; path = ArtsyFartsy.app; sourceTree = BUILT_PRODUCTS_DIR; };
		AC0095F522445B0800D20705 /* AppDelegate.swift */ = {isa = PBXFileReference; lastKnownFileType = sourcecode.swift; path = AppDelegate.swift; sourceTree = "<group>"; };
		AC0095FA22445B0800D20705 /* Base */ = {isa = PBXFileReference; lastKnownFileType = file.storyboard; name = Base; path = Base.lproj/Main.storyboard; sourceTree = "<group>"; };
		AC0095FF22445B0800D20705 /* Base */ = {isa = PBXFileReference; lastKnownFileType = file.storyboard; name = Base; path = Base.lproj/LaunchScreen.storyboard; sourceTree = "<group>"; };
		AC00960122445B0800D20705 /* Info.plist */ = {isa = PBXFileReference; lastKnownFileType = text.plist.xml; path = Info.plist; sourceTree = "<group>"; };
		AC00960622445B0900D20705 /* ArtsyFartsyTests.xctest */ = {isa = PBXFileReference; explicitFileType = wrapper.cfbundle; includeInIndex = 0; path = ArtsyFartsyTests.xctest; sourceTree = BUILT_PRODUCTS_DIR; };
		AC00960A22445B0900D20705 /* ArtsyFartsyTests.swift */ = {isa = PBXFileReference; lastKnownFileType = sourcecode.swift; path = ArtsyFartsyTests.swift; sourceTree = "<group>"; };
		AC00960C22445B0900D20705 /* Info.plist */ = {isa = PBXFileReference; lastKnownFileType = text.plist.xml; path = Info.plist; sourceTree = "<group>"; };
		AC00961122445B0900D20705 /* ArtsyFartsyUITests.xctest */ = {isa = PBXFileReference; explicitFileType = wrapper.cfbundle; includeInIndex = 0; path = ArtsyFartsyUITests.xctest; sourceTree = BUILT_PRODUCTS_DIR; };
		AC00961522445B0900D20705 /* ArtsyFartsyUITests.swift */ = {isa = PBXFileReference; lastKnownFileType = sourcecode.swift; path = ArtsyFartsyUITests.swift; sourceTree = "<group>"; };
		AC00961722445B0900D20705 /* Info.plist */ = {isa = PBXFileReference; lastKnownFileType = text.plist.xml; path = Info.plist; sourceTree = "<group>"; };
		ACA14CF62260160800AF943A /* Assets.xcassets */ = {isa = PBXFileReference; lastKnownFileType = folder.assetcatalog; path = Assets.xcassets; sourceTree = "<group>"; };
		C6A62B201392471CA178FCC4 /* Pods_ArtsyFartsyTests.framework */ = {isa = PBXFileReference; explicitFileType = wrapper.framework; includeInIndex = 0; path = Pods_ArtsyFartsyTests.framework; sourceTree = BUILT_PRODUCTS_DIR; };
		D4B2152CCF2397006E220B86 /* Pods-ArtsyFartsyTests.debug.xcconfig */ = {isa = PBXFileReference; includeInIndex = 1; lastKnownFileType = text.xcconfig; name = "Pods-ArtsyFartsyTests.debug.xcconfig"; path = "Pods/Target Support Files/Pods-ArtsyFartsyTests/Pods-ArtsyFartsyTests.debug.xcconfig"; sourceTree = "<group>"; };
/* End PBXFileReference section */

/* Begin PBXFrameworksBuildPhase section */
		AC0095EF22445B0800D20705 /* Frameworks */ = {
			isa = PBXFrameworksBuildPhase;
			buildActionMask = 2147483647;
			files = (
				4A28161862E45D011CBAFF56 /* Pods_ArtsyFartsy.framework in Frameworks */,
			);
			runOnlyForDeploymentPostprocessing = 0;
		};
		AC00960322445B0900D20705 /* Frameworks */ = {
			isa = PBXFrameworksBuildPhase;
			buildActionMask = 2147483647;
			files = (
				6421080E69BDADDCC92E33AD /* Pods_ArtsyFartsyTests.framework in Frameworks */,
			);
			runOnlyForDeploymentPostprocessing = 0;
		};
		AC00960E22445B0900D20705 /* Frameworks */ = {
			isa = PBXFrameworksBuildPhase;
			buildActionMask = 2147483647;
			files = (
				05F439B62C89D1472BBA561F /* Pods_ArtsyFartsyUITests.framework in Frameworks */,
			);
			runOnlyForDeploymentPostprocessing = 0;
		};
/* End PBXFrameworksBuildPhase section */

/* Begin PBXGroup section */
		1C2ADE6D1D9CA3C62F6E64DF /* Frameworks */ = {
			isa = PBXGroup;
			children = (
				5F41FFC8302E01E8F31EDDD9 /* Pods_ArtsyFartsy.framework */,
				C6A62B201392471CA178FCC4 /* Pods_ArtsyFartsyTests.framework */,
				22D39CA6056AD1DBAE54F84D /* Pods_ArtsyFartsyUITests.framework */,
			);
			name = Frameworks;
			sourceTree = "<group>";
		};
		AC0095E922445B0700D20705 = {
			isa = PBXGroup;
			children = (
				AC0095F422445B0800D20705 /* ArtsyFartsy */,
				AC00960922445B0900D20705 /* ArtsyFartsyTests */,
				AC00961422445B0900D20705 /* ArtsyFartsyUITests */,
				AC0095F322445B0800D20705 /* Products */,
				F54D5B6072EB31BA9CD169E3 /* Pods */,
				1C2ADE6D1D9CA3C62F6E64DF /* Frameworks */,
			);
			sourceTree = "<group>";
		};
		AC0095F322445B0800D20705 /* Products */ = {
			isa = PBXGroup;
			children = (
				AC0095F222445B0800D20705 /* ArtsyFartsy.app */,
				AC00960622445B0900D20705 /* ArtsyFartsyTests.xctest */,
				AC00961122445B0900D20705 /* ArtsyFartsyUITests.xctest */,
			);
			name = Products;
			sourceTree = "<group>";
		};
		AC0095F422445B0800D20705 /* ArtsyFartsy */ = {
			isa = PBXGroup;
			children = (
				ACA14CF62260160800AF943A /* Assets.xcassets */,
				AC0095F522445B0800D20705 /* AppDelegate.swift */,
				2A1EAA5B225F04970075BF12 /* UploadArtworkViewController.swift */,
				2AAA8A242279169100355DD0 /* FollowingPageViewController.swift */,
				2AE2EC7B22811D3600FE36F0 /* DrawingPromptViewController.swift */,
				2AC08BB9226EBDF400DE04C1 /* OpenArtworkViewController.swift */,
				2A2093DD2279A7540094F0A7 /* OpenFollowedViewController.swift */,
				2A511333225DD69900D106E9 /* ArtworkFeedViewController.swift */,
				080F9D68226035ED007E99C0 /* SignUpViewController.swift */,
				0886856F2256F4C200C1292B /* ArtworkPostCell.swift */,
				2AAA8A262279182600355DD0 /* FollowingPageCell.swift */,
				2A17B68F2271902F0093DDE5 /* AccountArtworkPostCell.swift */,
				2A17B68D22718CAE0093DDE5 /* AccountFeedViewController.swift */,
				2AFEA386225CAB94000D1E31 /* LoginPageViewController.swift */,
				AC0095F922445B0800D20705 /* Main.storyboard */,
				AC0095FE22445B0800D20705 /* LaunchScreen.storyboard */,
				AC00960122445B0800D20705 /* Info.plist */,
			);
			path = ArtsyFartsy;
			sourceTree = "<group>";
		};
		AC00960922445B0900D20705 /* ArtsyFartsyTests */ = {
			isa = PBXGroup;
			children = (
				AC00960A22445B0900D20705 /* ArtsyFartsyTests.swift */,
				AC00960C22445B0900D20705 /* Info.plist */,
			);
			path = ArtsyFartsyTests;
			sourceTree = "<group>";
		};
		AC00961422445B0900D20705 /* ArtsyFartsyUITests */ = {
			isa = PBXGroup;
			children = (
				AC00961522445B0900D20705 /* ArtsyFartsyUITests.swift */,
				AC00961722445B0900D20705 /* Info.plist */,
			);
			path = ArtsyFartsyUITests;
			sourceTree = "<group>";
		};
		F54D5B6072EB31BA9CD169E3 /* Pods */ = {
			isa = PBXGroup;
			children = (
				A9978912165A6916EB915338 /* Pods-ArtsyFartsy.debug.xcconfig */,
				2F7C670512AAE5D20511DE33 /* Pods-ArtsyFartsy.release.xcconfig */,
				D4B2152CCF2397006E220B86 /* Pods-ArtsyFartsyTests.debug.xcconfig */,
				0E22128FD7245A308403CB0B /* Pods-ArtsyFartsyTests.release.xcconfig */,
				5D183A3F3080837C62B4E1CA /* Pods-ArtsyFartsyUITests.debug.xcconfig */,
				1FCB180D9234872CA0D91033 /* Pods-ArtsyFartsyUITests.release.xcconfig */,
			);
			name = Pods;
			sourceTree = "<group>";
		};
/* End PBXGroup section */

/* Begin PBXNativeTarget section */
		AC0095F122445B0800D20705 /* ArtsyFartsy */ = {
			isa = PBXNativeTarget;
			buildConfigurationList = AC00961A22445B0900D20705 /* Build configuration list for PBXNativeTarget "ArtsyFartsy" */;
			buildPhases = (
				C7C9B59BA6B9CC0013392E8F /* [CP] Check Pods Manifest.lock */,
				AC0095EE22445B0800D20705 /* Sources */,
				AC0095EF22445B0800D20705 /* Frameworks */,
				AC0095F022445B0800D20705 /* Resources */,
				C926A12CFC8F4A80E1047D61 /* [CP] Embed Pods Frameworks */,
			);
			buildRules = (
			);
			dependencies = (
			);
			name = ArtsyFartsy;
			productName = ArtsyFartsy;
			productReference = AC0095F222445B0800D20705 /* ArtsyFartsy.app */;
			productType = "com.apple.product-type.application";
		};
		AC00960522445B0900D20705 /* ArtsyFartsyTests */ = {
			isa = PBXNativeTarget;
			buildConfigurationList = AC00961D22445B0900D20705 /* Build configuration list for PBXNativeTarget "ArtsyFartsyTests" */;
			buildPhases = (
				A30406950079C50FAF86702F /* [CP] Check Pods Manifest.lock */,
				AC00960222445B0900D20705 /* Sources */,
				AC00960322445B0900D20705 /* Frameworks */,
				AC00960422445B0900D20705 /* Resources */,
			);
			buildRules = (
			);
			dependencies = (
				AC00960822445B0900D20705 /* PBXTargetDependency */,
			);
			name = ArtsyFartsyTests;
			productName = ArtsyFartsyTests;
			productReference = AC00960622445B0900D20705 /* ArtsyFartsyTests.xctest */;
			productType = "com.apple.product-type.bundle.unit-test";
		};
		AC00961022445B0900D20705 /* ArtsyFartsyUITests */ = {
			isa = PBXNativeTarget;
			buildConfigurationList = AC00962022445B0900D20705 /* Build configuration list for PBXNativeTarget "ArtsyFartsyUITests" */;
			buildPhases = (
				B2C180C223408639880CBA0F /* [CP] Check Pods Manifest.lock */,
				AC00960D22445B0900D20705 /* Sources */,
				AC00960E22445B0900D20705 /* Frameworks */,
				AC00960F22445B0900D20705 /* Resources */,
			);
			buildRules = (
			);
			dependencies = (
				AC00961322445B0900D20705 /* PBXTargetDependency */,
			);
			name = ArtsyFartsyUITests;
			productName = ArtsyFartsyUITests;
			productReference = AC00961122445B0900D20705 /* ArtsyFartsyUITests.xctest */;
			productType = "com.apple.product-type.bundle.ui-testing";
		};
/* End PBXNativeTarget section */

/* Begin PBXProject section */
		AC0095EA22445B0700D20705 /* Project object */ = {
			isa = PBXProject;
			attributes = {
				LastSwiftUpdateCheck = 1010;
				LastUpgradeCheck = 1010;
				ORGANIZATIONNAME = "MICHAEL BENTON";
				TargetAttributes = {
					AC0095F122445B0800D20705 = {
						CreatedOnToolsVersion = 10.1;
					};
					AC00960522445B0900D20705 = {
						CreatedOnToolsVersion = 10.1;
						TestTargetID = AC0095F122445B0800D20705;
					};
					AC00961022445B0900D20705 = {
						CreatedOnToolsVersion = 10.1;
						TestTargetID = AC0095F122445B0800D20705;
					};
				};
			};
			buildConfigurationList = AC0095ED22445B0700D20705 /* Build configuration list for PBXProject "ArtsyFartsy" */;
			compatibilityVersion = "Xcode 9.3";
			developmentRegion = en;
			hasScannedForEncodings = 0;
			knownRegions = (
				en,
				Base,
			);
			mainGroup = AC0095E922445B0700D20705;
			productRefGroup = AC0095F322445B0800D20705 /* Products */;
			projectDirPath = "";
			projectRoot = "";
			targets = (
				AC0095F122445B0800D20705 /* ArtsyFartsy */,
				AC00960522445B0900D20705 /* ArtsyFartsyTests */,
				AC00961022445B0900D20705 /* ArtsyFartsyUITests */,
			);
		};
/* End PBXProject section */

/* Begin PBXResourcesBuildPhase section */
		AC0095F022445B0800D20705 /* Resources */ = {
			isa = PBXResourcesBuildPhase;
			buildActionMask = 2147483647;
			files = (
				AC00960022445B0800D20705 /* LaunchScreen.storyboard in Resources */,
				ACA14CF72260160900AF943A /* Assets.xcassets in Resources */,
				AC0095FB22445B0800D20705 /* Main.storyboard in Resources */,
			);
			runOnlyForDeploymentPostprocessing = 0;
		};
		AC00960422445B0900D20705 /* Resources */ = {
			isa = PBXResourcesBuildPhase;
			buildActionMask = 2147483647;
			files = (
			);
			runOnlyForDeploymentPostprocessing = 0;
		};
		AC00960F22445B0900D20705 /* Resources */ = {
			isa = PBXResourcesBuildPhase;
			buildActionMask = 2147483647;
			files = (
			);
			runOnlyForDeploymentPostprocessing = 0;
		};
/* End PBXResourcesBuildPhase section */

/* Begin PBXShellScriptBuildPhase section */
		A30406950079C50FAF86702F /* [CP] Check Pods Manifest.lock */ = {
			isa = PBXShellScriptBuildPhase;
			buildActionMask = 2147483647;
			files = (
			);
			inputFileListPaths = (
			);
			inputPaths = (
				"${PODS_PODFILE_DIR_PATH}/Podfile.lock",
				"${PODS_ROOT}/Manifest.lock",
			);
			name = "[CP] Check Pods Manifest.lock";
			outputFileListPaths = (
			);
			outputPaths = (
				"$(DERIVED_FILE_DIR)/Pods-ArtsyFartsyTests-checkManifestLockResult.txt",
			);
			runOnlyForDeploymentPostprocessing = 0;
			shellPath = /bin/sh;
			shellScript = "diff \"${PODS_PODFILE_DIR_PATH}/Podfile.lock\" \"${PODS_ROOT}/Manifest.lock\" > /dev/null\nif [ $? != 0 ] ; then\n    # print error to STDERR\n    echo \"error: The sandbox is not in sync with the Podfile.lock. Run 'pod install' or update your CocoaPods installation.\" >&2\n    exit 1\nfi\n# This output is used by Xcode 'outputs' to avoid re-running this script phase.\necho \"SUCCESS\" > \"${SCRIPT_OUTPUT_FILE_0}\"\n";
			showEnvVarsInLog = 0;
		};
		B2C180C223408639880CBA0F /* [CP] Check Pods Manifest.lock */ = {
			isa = PBXShellScriptBuildPhase;
			buildActionMask = 2147483647;
			files = (
			);
			inputFileListPaths = (
			);
			inputPaths = (
				"${PODS_PODFILE_DIR_PATH}/Podfile.lock",
				"${PODS_ROOT}/Manifest.lock",
			);
			name = "[CP] Check Pods Manifest.lock";
			outputFileListPaths = (
			);
			outputPaths = (
				"$(DERIVED_FILE_DIR)/Pods-ArtsyFartsyUITests-checkManifestLockResult.txt",
			);
			runOnlyForDeploymentPostprocessing = 0;
			shellPath = /bin/sh;
			shellScript = "diff \"${PODS_PODFILE_DIR_PATH}/Podfile.lock\" \"${PODS_ROOT}/Manifest.lock\" > /dev/null\nif [ $? != 0 ] ; then\n    # print error to STDERR\n    echo \"error: The sandbox is not in sync with the Podfile.lock. Run 'pod install' or update your CocoaPods installation.\" >&2\n    exit 1\nfi\n# This output is used by Xcode 'outputs' to avoid re-running this script phase.\necho \"SUCCESS\" > \"${SCRIPT_OUTPUT_FILE_0}\"\n";
			showEnvVarsInLog = 0;
		};
		C7C9B59BA6B9CC0013392E8F /* [CP] Check Pods Manifest.lock */ = {
			isa = PBXShellScriptBuildPhase;
			buildActionMask = 2147483647;
			files = (
			);
			inputFileListPaths = (
			);
			inputPaths = (
				"${PODS_PODFILE_DIR_PATH}/Podfile.lock",
				"${PODS_ROOT}/Manifest.lock",
			);
			name = "[CP] Check Pods Manifest.lock";
			outputFileListPaths = (
			);
			outputPaths = (
				"$(DERIVED_FILE_DIR)/Pods-ArtsyFartsy-checkManifestLockResult.txt",
			);
			runOnlyForDeploymentPostprocessing = 0;
			shellPath = /bin/sh;
			shellScript = "diff \"${PODS_PODFILE_DIR_PATH}/Podfile.lock\" \"${PODS_ROOT}/Manifest.lock\" > /dev/null\nif [ $? != 0 ] ; then\n    # print error to STDERR\n    echo \"error: The sandbox is not in sync with the Podfile.lock. Run 'pod install' or update your CocoaPods installation.\" >&2\n    exit 1\nfi\n# This output is used by Xcode 'outputs' to avoid re-running this script phase.\necho \"SUCCESS\" > \"${SCRIPT_OUTPUT_FILE_0}\"\n";
			showEnvVarsInLog = 0;
		};
		C926A12CFC8F4A80E1047D61 /* [CP] Embed Pods Frameworks */ = {
			isa = PBXShellScriptBuildPhase;
			buildActionMask = 2147483647;
			files = (
			);
			inputFileListPaths = (
			);
			inputPaths = (
				"${SRCROOT}/Pods/Target Support Files/Pods-ArtsyFartsy/Pods-ArtsyFartsy-frameworks.sh",
				"${BUILT_PRODUCTS_DIR}/Alamofire/Alamofire.framework",
				"${BUILT_PRODUCTS_DIR}/AlamofireImage/AlamofireImage.framework",
				"${BUILT_PRODUCTS_DIR}/Bolts/Bolts.framework",
				"${BUILT_PRODUCTS_DIR}/Parse/Parse.framework",
			);
			name = "[CP] Embed Pods Frameworks";
			outputFileListPaths = (
			);
			outputPaths = (
				"${TARGET_BUILD_DIR}/${FRAMEWORKS_FOLDER_PATH}/Alamofire.framework",
				"${TARGET_BUILD_DIR}/${FRAMEWORKS_FOLDER_PATH}/AlamofireImage.framework",
				"${TARGET_BUILD_DIR}/${FRAMEWORKS_FOLDER_PATH}/Bolts.framework",
				"${TARGET_BUILD_DIR}/${FRAMEWORKS_FOLDER_PATH}/Parse.framework",
			);
			runOnlyForDeploymentPostprocessing = 0;
			shellPath = /bin/sh;
			shellScript = "\"${SRCROOT}/Pods/Target Support Files/Pods-ArtsyFartsy/Pods-ArtsyFartsy-frameworks.sh\"\n";
			showEnvVarsInLog = 0;
		};
/* End PBXShellScriptBuildPhase section */

/* Begin PBXSourcesBuildPhase section */
		AC0095EE22445B0800D20705 /* Sources */ = {
			isa = PBXSourcesBuildPhase;
			buildActionMask = 2147483647;
			files = (
				088685702256F4C200C1292B /* ArtworkPostCell.swift in Sources */,
				2AC08BBA226EBDF400DE04C1 /* OpenArtworkViewController.swift in Sources */,
				2A17B68E22718CAF0093DDE5 /* AccountFeedViewController.swift in Sources */,
				2AE2EC7C22811D3600FE36F0 /* DrawingPromptViewController.swift in Sources */,
				2AFEA387225CAB94000D1E31 /* LoginPageViewController.swift in Sources */,
				2AAA8A252279169100355DD0 /* FollowingPageViewController.swift in Sources */,
				080F9D69226035ED007E99C0 /* SignUpViewController.swift in Sources */,
				AC0095F622445B0800D20705 /* AppDelegate.swift in Sources */,
				2A1EAA5C225F04970075BF12 /* UploadArtworkViewController.swift in Sources */,
				2A17B6902271902F0093DDE5 /* AccountArtworkPostCell.swift in Sources */,
				2AAA8A272279182600355DD0 /* FollowingPageCell.swift in Sources */,
				2A2093DE2279A7540094F0A7 /* OpenFollowedViewController.swift in Sources */,
				2A511334225DD69900D106E9 /* ArtworkFeedViewController.swift in Sources */,
			);
			runOnlyForDeploymentPostprocessing = 0;
		};
		AC00960222445B0900D20705 /* Sources */ = {
			isa = PBXSourcesBuildPhase;
			buildActionMask = 2147483647;
			files = (
				AC00960B22445B0900D20705 /* ArtsyFartsyTests.swift in Sources */,
			);
			runOnlyForDeploymentPostprocessing = 0;
		};
		AC00960D22445B0900D20705 /* Sources */ = {
			isa = PBXSourcesBuildPhase;
			buildActionMask = 2147483647;
			files = (
				AC00961622445B0900D20705 /* ArtsyFartsyUITests.swift in Sources */,
			);
			runOnlyForDeploymentPostprocessing = 0;
		};
/* End PBXSourcesBuildPhase section */

/* Begin PBXTargetDependency section */
		AC00960822445B0900D20705 /* PBXTargetDependency */ = {
			isa = PBXTargetDependency;
			target = AC0095F122445B0800D20705 /* ArtsyFartsy */;
			targetProxy = AC00960722445B0900D20705 /* PBXContainerItemProxy */;
		};
		AC00961322445B0900D20705 /* PBXTargetDependency */ = {
			isa = PBXTargetDependency;
			target = AC0095F122445B0800D20705 /* ArtsyFartsy */;
			targetProxy = AC00961222445B0900D20705 /* PBXContainerItemProxy */;
		};
/* End PBXTargetDependency section */

/* Begin PBXVariantGroup section */
		AC0095F922445B0800D20705 /* Main.storyboard */ = {
			isa = PBXVariantGroup;
			children = (
				AC0095FA22445B0800D20705 /* Base */,
			);
			name = Main.storyboard;
			sourceTree = "<group>";
		};
		AC0095FE22445B0800D20705 /* LaunchScreen.storyboard */ = {
			isa = PBXVariantGroup;
			children = (
				AC0095FF22445B0800D20705 /* Base */,
			);
			name = LaunchScreen.storyboard;
			sourceTree = "<group>";
		};
/* End PBXVariantGroup section */

/* Begin XCBuildConfiguration section */
		AC00961822445B0900D20705 /* Debug */ = {
			isa = XCBuildConfiguration;
			buildSettings = {
				ALWAYS_SEARCH_USER_PATHS = NO;
				CLANG_ANALYZER_NONNULL = YES;
				CLANG_ANALYZER_NUMBER_OBJECT_CONVERSION = YES_AGGRESSIVE;
				CLANG_CXX_LANGUAGE_STANDARD = "gnu++14";
				CLANG_CXX_LIBRARY = "libc++";
				CLANG_ENABLE_MODULES = YES;
				CLANG_ENABLE_OBJC_ARC = YES;
				CLANG_ENABLE_OBJC_WEAK = YES;
				CLANG_WARN_BLOCK_CAPTURE_AUTORELEASING = YES;
				CLANG_WARN_BOOL_CONVERSION = YES;
				CLANG_WARN_COMMA = YES;
				CLANG_WARN_CONSTANT_CONVERSION = YES;
				CLANG_WARN_DEPRECATED_OBJC_IMPLEMENTATIONS = YES;
				CLANG_WARN_DIRECT_OBJC_ISA_USAGE = YES_ERROR;
				CLANG_WARN_DOCUMENTATION_COMMENTS = YES;
				CLANG_WARN_EMPTY_BODY = YES;
				CLANG_WARN_ENUM_CONVERSION = YES;
				CLANG_WARN_INFINITE_RECURSION = YES;
				CLANG_WARN_INT_CONVERSION = YES;
				CLANG_WARN_NON_LITERAL_NULL_CONVERSION = YES;
				CLANG_WARN_OBJC_IMPLICIT_RETAIN_SELF = YES;
				CLANG_WARN_OBJC_LITERAL_CONVERSION = YES;
				CLANG_WARN_OBJC_ROOT_CLASS = YES_ERROR;
				CLANG_WARN_RANGE_LOOP_ANALYSIS = YES;
				CLANG_WARN_STRICT_PROTOTYPES = YES;
				CLANG_WARN_SUSPICIOUS_MOVE = YES;
				CLANG_WARN_UNGUARDED_AVAILABILITY = YES_AGGRESSIVE;
				CLANG_WARN_UNREACHABLE_CODE = YES;
				CLANG_WARN__DUPLICATE_METHOD_MATCH = YES;
				CODE_SIGN_IDENTITY = "iPhone Developer";
				COPY_PHASE_STRIP = NO;
				DEBUG_INFORMATION_FORMAT = dwarf;
				ENABLE_STRICT_OBJC_MSGSEND = YES;
				ENABLE_TESTABILITY = YES;
				GCC_C_LANGUAGE_STANDARD = gnu11;
				GCC_DYNAMIC_NO_PIC = NO;
				GCC_NO_COMMON_BLOCKS = YES;
				GCC_OPTIMIZATION_LEVEL = 0;
				GCC_PREPROCESSOR_DEFINITIONS = (
					"DEBUG=1",
					"$(inherited)",
				);
				GCC_WARN_64_TO_32_BIT_CONVERSION = YES;
				GCC_WARN_ABOUT_RETURN_TYPE = YES_ERROR;
				GCC_WARN_UNDECLARED_SELECTOR = YES;
				GCC_WARN_UNINITIALIZED_AUTOS = YES_AGGRESSIVE;
				GCC_WARN_UNUSED_FUNCTION = YES;
				GCC_WARN_UNUSED_VARIABLE = YES;
				IPHONEOS_DEPLOYMENT_TARGET = 12.1;
				MTL_ENABLE_DEBUG_INFO = INCLUDE_SOURCE;
				MTL_FAST_MATH = YES;
				ONLY_ACTIVE_ARCH = YES;
				SDKROOT = iphoneos;
				SWIFT_ACTIVE_COMPILATION_CONDITIONS = DEBUG;
				SWIFT_OPTIMIZATION_LEVEL = "-Onone";
			};
			name = Debug;
		};
		AC00961922445B0900D20705 /* Release */ = {
			isa = XCBuildConfiguration;
			buildSettings = {
				ALWAYS_SEARCH_USER_PATHS = NO;
				CLANG_ANALYZER_NONNULL = YES;
				CLANG_ANALYZER_NUMBER_OBJECT_CONVERSION = YES_AGGRESSIVE;
				CLANG_CXX_LANGUAGE_STANDARD = "gnu++14";
				CLANG_CXX_LIBRARY = "libc++";
				CLANG_ENABLE_MODULES = YES;
				CLANG_ENABLE_OBJC_ARC = YES;
				CLANG_ENABLE_OBJC_WEAK = YES;
				CLANG_WARN_BLOCK_CAPTURE_AUTORELEASING = YES;
				CLANG_WARN_BOOL_CONVERSION = YES;
				CLANG_WARN_COMMA = YES;
				CLANG_WARN_CONSTANT_CONVERSION = YES;
				CLANG_WARN_DEPRECATED_OBJC_IMPLEMENTATIONS = YES;
				CLANG_WARN_DIRECT_OBJC_ISA_USAGE = YES_ERROR;
				CLANG_WARN_DOCUMENTATION_COMMENTS = YES;
				CLANG_WARN_EMPTY_BODY = YES;
				CLANG_WARN_ENUM_CONVERSION = YES;
				CLANG_WARN_INFINITE_RECURSION = YES;
				CLANG_WARN_INT_CONVERSION = YES;
				CLANG_WARN_NON_LITERAL_NULL_CONVERSION = YES;
				CLANG_WARN_OBJC_IMPLICIT_RETAIN_SELF = YES;
				CLANG_WARN_OBJC_LITERAL_CONVERSION = YES;
				CLANG_WARN_OBJC_ROOT_CLASS = YES_ERROR;
				CLANG_WARN_RANGE_LOOP_ANALYSIS = YES;
				CLANG_WARN_STRICT_PROTOTYPES = YES;
				CLANG_WARN_SUSPICIOUS_MOVE = YES;
				CLANG_WARN_UNGUARDED_AVAILABILITY = YES_AGGRESSIVE;
				CLANG_WARN_UNREACHABLE_CODE = YES;
				CLANG_WARN__DUPLICATE_METHOD_MATCH = YES;
				CODE_SIGN_IDENTITY = "iPhone Developer";
				COPY_PHASE_STRIP = NO;
				DEBUG_INFORMATION_FORMAT = "dwarf-with-dsym";
				ENABLE_NS_ASSERTIONS = NO;
				ENABLE_STRICT_OBJC_MSGSEND = YES;
				GCC_C_LANGUAGE_STANDARD = gnu11;
				GCC_NO_COMMON_BLOCKS = YES;
				GCC_WARN_64_TO_32_BIT_CONVERSION = YES;
				GCC_WARN_ABOUT_RETURN_TYPE = YES_ERROR;
				GCC_WARN_UNDECLARED_SELECTOR = YES;
				GCC_WARN_UNINITIALIZED_AUTOS = YES_AGGRESSIVE;
				GCC_WARN_UNUSED_FUNCTION = YES;
				GCC_WARN_UNUSED_VARIABLE = YES;
				IPHONEOS_DEPLOYMENT_TARGET = 12.1;
				MTL_ENABLE_DEBUG_INFO = NO;
				MTL_FAST_MATH = YES;
				SDKROOT = iphoneos;
				SWIFT_COMPILATION_MODE = wholemodule;
				SWIFT_OPTIMIZATION_LEVEL = "-O";
				VALIDATE_PRODUCT = YES;
			};
			name = Release;
		};
		AC00961B22445B0900D20705 /* Debug */ = {
			isa = XCBuildConfiguration;
			baseConfigurationReference = A9978912165A6916EB915338 /* Pods-ArtsyFartsy.debug.xcconfig */;
			buildSettings = {
				ASSETCATALOG_COMPILER_APPICON_NAME = AppIcon;
				ASSETCATALOG_COMPILER_LAUNCHIMAGE_NAME = LaunchImage;
				CODE_SIGN_STYLE = Automatic;
				DEVELOPMENT_TEAM = B26TDPZD62;
				INFOPLIST_FILE = ArtsyFartsy/Info.plist;
				LD_RUNPATH_SEARCH_PATHS = (
					"$(inherited)",
					"@executable_path/Frameworks",
				);
				PRODUCT_BUNDLE_IDENTIFIER = CompilerErrors.ArtsyFartsy;
				PRODUCT_NAME = "$(TARGET_NAME)";
				SWIFT_VERSION = 4.2;
				TARGETED_DEVICE_FAMILY = "1,2";
			};
			name = Debug;
		};
		AC00961C22445B0900D20705 /* Release */ = {
			isa = XCBuildConfiguration;
			baseConfigurationReference = 2F7C670512AAE5D20511DE33 /* Pods-ArtsyFartsy.release.xcconfig */;
			buildSettings = {
				ASSETCATALOG_COMPILER_APPICON_NAME = AppIcon;
				ASSETCATALOG_COMPILER_LAUNCHIMAGE_NAME = LaunchImage;
				CODE_SIGN_STYLE = Automatic;
				DEVELOPMENT_TEAM = B26TDPZD62;
				INFOPLIST_FILE = ArtsyFartsy/Info.plist;
				LD_RUNPATH_SEARCH_PATHS = (
					"$(inherited)",
					"@executable_path/Frameworks",
				);
				PRODUCT_BUNDLE_IDENTIFIER = CompilerErrors.ArtsyFartsy;
				PRODUCT_NAME = "$(TARGET_NAME)";
				SWIFT_VERSION = 4.2;
				TARGETED_DEVICE_FAMILY = "1,2";
			};
			name = Release;
		};
		AC00961E22445B0900D20705 /* Debug */ = {
			isa = XCBuildConfiguration;
			baseConfigurationReference = D4B2152CCF2397006E220B86 /* Pods-ArtsyFartsyTests.debug.xcconfig */;
			buildSettings = {
				ALWAYS_EMBED_SWIFT_STANDARD_LIBRARIES = YES;
				BUNDLE_LOADER = "$(TEST_HOST)";
				CODE_SIGN_STYLE = Automatic;
				INFOPLIST_FILE = ArtsyFartsyTests/Info.plist;
				LD_RUNPATH_SEARCH_PATHS = (
					"$(inherited)",
					"@executable_path/Frameworks",
					"@loader_path/Frameworks",
				);
				PRODUCT_BUNDLE_IDENTIFIER = CompilerErrors.ArtsyFartsyTests;
				PRODUCT_NAME = "$(TARGET_NAME)";
				SWIFT_VERSION = 4.2;
				TARGETED_DEVICE_FAMILY = "1,2";
				TEST_HOST = "$(BUILT_PRODUCTS_DIR)/ArtsyFartsy.app/ArtsyFartsy";
			};
			name = Debug;
		};
		AC00961F22445B0900D20705 /* Release */ = {
			isa = XCBuildConfiguration;
			baseConfigurationReference = 0E22128FD7245A308403CB0B /* Pods-ArtsyFartsyTests.release.xcconfig */;
			buildSettings = {
				ALWAYS_EMBED_SWIFT_STANDARD_LIBRARIES = YES;
				BUNDLE_LOADER = "$(TEST_HOST)";
				CODE_SIGN_STYLE = Automatic;
				INFOPLIST_FILE = ArtsyFartsyTests/Info.plist;
				LD_RUNPATH_SEARCH_PATHS = (
					"$(inherited)",
					"@executable_path/Frameworks",
					"@loader_path/Frameworks",
				);
				PRODUCT_BUNDLE_IDENTIFIER = CompilerErrors.ArtsyFartsyTests;
				PRODUCT_NAME = "$(TARGET_NAME)";
				SWIFT_VERSION = 4.2;
				TARGETED_DEVICE_FAMILY = "1,2";
				TEST_HOST = "$(BUILT_PRODUCTS_DIR)/ArtsyFartsy.app/ArtsyFartsy";
			};
			name = Release;
		};
		AC00962122445B0900D20705 /* Debug */ = {
			isa = XCBuildConfiguration;
			baseConfigurationReference = 5D183A3F3080837C62B4E1CA /* Pods-ArtsyFartsyUITests.debug.xcconfig */;
			buildSettings = {
				ALWAYS_EMBED_SWIFT_STANDARD_LIBRARIES = YES;
				CODE_SIGN_STYLE = Automatic;
				INFOPLIST_FILE = ArtsyFartsyUITests/Info.plist;
				LD_RUNPATH_SEARCH_PATHS = (
					"$(inherited)",
					"@executable_path/Frameworks",
					"@loader_path/Frameworks",
				);
				PRODUCT_BUNDLE_IDENTIFIER = CompilerErrors.ArtsyFartsyUITests;
				PRODUCT_NAME = "$(TARGET_NAME)";
				SWIFT_VERSION = 4.2;
				TARGETED_DEVICE_FAMILY = "1,2";
				TEST_TARGET_NAME = ArtsyFartsy;
			};
			name = Debug;
		};
		AC00962222445B0900D20705 /* Release */ = {
			isa = XCBuildConfiguration;
			baseConfigurationReference = 1FCB180D9234872CA0D91033 /* Pods-ArtsyFartsyUITests.release.xcconfig */;
			buildSettings = {
				ALWAYS_EMBED_SWIFT_STANDARD_LIBRARIES = YES;
				CODE_SIGN_STYLE = Automatic;
				INFOPLIST_FILE = ArtsyFartsyUITests/Info.plist;
				LD_RUNPATH_SEARCH_PATHS = (
					"$(inherited)",
					"@executable_path/Frameworks",
					"@loader_path/Frameworks",
				);
				PRODUCT_BUNDLE_IDENTIFIER = CompilerErrors.ArtsyFartsyUITests;
				PRODUCT_NAME = "$(TARGET_NAME)";
				SWIFT_VERSION = 4.2;
				TARGETED_DEVICE_FAMILY = "1,2";
				TEST_TARGET_NAME = ArtsyFartsy;
			};
			name = Release;
		};
/* End XCBuildConfiguration section */

/* Begin XCConfigurationList section */
		AC0095ED22445B0700D20705 /* Build configuration list for PBXProject "ArtsyFartsy" */ = {
			isa = XCConfigurationList;
			buildConfigurations = (
				AC00961822445B0900D20705 /* Debug */,
				AC00961922445B0900D20705 /* Release */,
			);
			defaultConfigurationIsVisible = 0;
			defaultConfigurationName = Release;
		};
		AC00961A22445B0900D20705 /* Build configuration list for PBXNativeTarget "ArtsyFartsy" */ = {
			isa = XCConfigurationList;
			buildConfigurations = (
				AC00961B22445B0900D20705 /* Debug */,
				AC00961C22445B0900D20705 /* Release */,
			);
			defaultConfigurationIsVisible = 0;
			defaultConfigurationName = Release;
		};
		AC00961D22445B0900D20705 /* Build configuration list for PBXNativeTarget "ArtsyFartsyTests" */ = {
			isa = XCConfigurationList;
			buildConfigurations = (
				AC00961E22445B0900D20705 /* Debug */,
				AC00961F22445B0900D20705 /* Release */,
			);
			defaultConfigurationIsVisible = 0;
			defaultConfigurationName = Release;
		};
		AC00962022445B0900D20705 /* Build configuration list for PBXNativeTarget "ArtsyFartsyUITests" */ = {
			isa = XCConfigurationList;
			buildConfigurations = (
				AC00962122445B0900D20705 /* Debug */,
				AC00962222445B0900D20705 /* Release */,
			);
			defaultConfigurationIsVisible = 0;
			defaultConfigurationName = Release;
		};
/* End XCConfigurationList section */
	};
	rootObject = AC0095EA22445B0700D20705 /* Project object */;
}
